github.com/br0-space/bot-logger v0.0.0-20230327235701-9b76b3d387c8 h1:NIh3F9IV+7ER4FLno1l3vYiR/qB/nfAhKEQtNlUXByo=
github.com/br0-space/bot-logger v0.0.0-20230327235701-9b76b3d387c8/go.mod h1:b0Bh0Qe0Ss15kKLh76GQKkPq7qyH/Uo7+MM2rQAvcgI=
github.com/br0-space/bot-logger v0.0.0-20230528034653-b8182586cff5 h1:wQB20LLAwFQFsroLIPbgyM+46MqC39oRRhgghrHJXu8=
github.com/br0-space/bot-logger v0.0.0-20230528034653-b8182586cff5/go.mod h1:b0Bh0Qe0Ss15kKLh76GQKkPq7qyH/Uo7+MM2rQAvcgI=
github.com/br0-space/bot-logger v0.1.0 h1:1eBjueIp+LUeXCFZoPslE657yDr1NF6Dej/XqaibfD8=
github.com/br0-space/bot-logger v0.1.0/go.mod h1:b0Bh0Qe0Ss15kKLh76GQKkPq7qyH/Uo7+MM2rQAvcgI=
github.com/op/go-logging v0.0.0-20160315200505-970db520ece7 h1:lDH9UUVJtmYCjyT0CI4q8xvlXPxeZ0gYCVvWbmPlp88=
github.com/op/go-logging v0.0.0-20160315200505-970db520ece7/go.mod h1:HzydrMdWErDVzsI23lYNej1Htcns9BCg93Dk0bBINWk=
github.com/spf13/pflag v1.0.5 h1:iy+VFUOCP1a+8yFto/drg2CJ5u0yRoB7fZw3DKv/JXA=
github.com/spf13/pflag v1.0.5/go.mod h1:McXfInJRrz4CZXVZOBLb0bTZqETkiAhM9Iw0y3An2Bg=
